<?xml version="1.0" encoding="utf-8"?>
<Project ToolsVersion="4.0" xmlns="http://schemas.microsoft.com/developer/msbuild/2003">
  <ItemGroup>
    <Filter Include="Source Files">
      <UniqueIdentifier>{4FC737F1-C7A5-4376-A066-2A32D752A2FF}</UniqueIdentifier>
      <Extensions>cpp;c;cc;cxx;def;odl;idl;hpj;bat;asm;asmx</Extensions>
    </Filter>
    <Filter Include="Header Files">
      <UniqueIdentifier>{93995380-89BD-4b04-88EB-625FBE52EBFB}</UniqueIdentifier>
      <Extensions>h;hh;hpp;hxx;hm;inl;inc;ipp;xsd</Extensions>
    </Filter>
    <Filter Include="Resource Files">
      <UniqueIdentifier>{67DA6AB6-F800-4c08-8B7A-83BB121AAD01}</UniqueIdentifier>
      <Extensions>rc;ico;cur;bmp;dlg;rc2;rct;bin;rgs;gif;jpg;jpeg;jpe;resx;tiff;tif;png;wav;mfcribbon-ms</Extensions>
    </Filter>
  </ItemGroup>
  <ItemGroup>
    <ClCompile Include="CodingQuestions.cpp">
      <Filter>Source Files</Filter>
    </ClCompile>
    <ClCompile Include="spiralOrderMatrix.cpp">
      <Filter>Source Files</Filter>
    </ClCompile>
    <ClCompile Include="mergeSort.cpp">
      <Filter>Source Files</Filter>
    </ClCompile>
    <ClCompile Include="minHeap.cpp">
      <Filter>Source Files</Filter>
    </ClCompile>
    <ClCompile Include="BinaryTrie.cpp">
      <Filter>Source Files</Filter>
    </ClCompile>
    <ClCompile Include="tempoutput.cpp">
      <Filter>Source Files</Filter>
    </ClCompile>
    <ClCompile Include="AdjacencyList.cpp">
      <Filter>Source Files</Filter>
    </ClCompile>
    <ClCompile Include="decodeStrings.cpp">
      <Filter>Source Files</Filter>
    </ClCompile>
    <ClCompile Include="Longest Path in Graph.cpp">
      <Filter>Source Files</Filter>
    </ClCompile>
    <ClCompile Include="maxProduct.cpp">
      <Filter>Source Files</Filter>
    </ClCompile>
    <ClCompile Include="findNumberOfIslands.cpp">
      <Filter>Source Files</Filter>
    </ClCompile>
    <ClCompile Include="Count Connected Components.cpp">
      <Filter>Source Files</Filter>
    </ClCompile>
    <ClCompile Include="LongestPathInGraph2.cpp">
      <Filter>Source Files</Filter>
    </ClCompile>
    <ClCompile Include="subarray sum zero.cpp">
      <Filter>Source Files</Filter>
    </ClCompile>
    <ClCompile Include="Nodes at Distance K.cpp">
      <Filter>Source Files</Filter>
    </ClCompile>
    <ClCompile Include="zig zag level order traversal.cpp">
      <Filter>Source Files</Filter>
    </ClCompile>
    <ClCompile Include="CombinationSum.cpp">
      <Filter>Source Files</Filter>
    </ClCompile>
    <ClCompile Include="PalindromicPartition.cpp">
      <Filter>Source Files</Filter>
    </ClCompile>
    <ClCompile Include="LRU cache.cpp">
      <Filter>Source Files</Filter>
    </ClCompile>
    <ClCompile Include="MergeSortLL.cpp">
      <Filter>Source Files</Filter>
    </ClCompile>
    <ClCompile Include="knight-on-chess-board.cpp">
      <Filter>Source Files</Filter>
    </ClCompile>
    <ClCompile Include="Rearrange Strings.cpp">
      <Filter>Source Files</Filter>
    </ClCompile>
    <ClCompile Include="FloodFill.cpp">
      <Filter>Source Files</Filter>
    </ClCompile>
    <ClCompile Include="GenerateAllIPAddress.cpp">
      <Filter>Source Files</Filter>
    </ClCompile>
    <ClCompile Include="N-queen.cpp">
      <Filter>Source Files</Filter>
    </ClCompile>
    <ClCompile Include="rotateArray.cpp">
      <Filter>Source Files</Filter>
    </ClCompile>
    <ClCompile Include="RemoveLLDuplicatesTillK.cpp">
      <Filter>Source Files</Filter>
    </ClCompile>
  </ItemGroup>
</Project>